{
  "nodes": {
    "flake-parts": {
      "inputs": {
        "nixpkgs-lib": [
          "nixpkgs"
        ]
      },
      "locked": {
        "lastModified": 1714641030,
        "narHash": "sha256-yzcRNDoyVP7+SCNX0wmuDju1NUCt8Dz9+lyUXEI0dbI=",
        "owner": "hercules-ci",
        "repo": "flake-parts",
        "rev": "e5d10a24b66c3ea8f150e47dfdb0416ab7c3390e",
        "type": "github"
      },
      "original": {
        "owner": "hercules-ci",
        "repo": "flake-parts",
        "type": "github"
      }
    },
    "nixpkgs": {
      "locked": {
        "lastModified": 1715499532,
        "narHash": "sha256-9UJLb8rdi2VokYcfOBQHUzP3iNxOPNWcbK++ENElpk0=",
        "owner": "NixOS",
        "repo": "nixpkgs",
        "rev": "af8b9db5c00f1a8e4b83578acc578ff7d823b786",
        "type": "github"
      },
      "original": {
        "owner": "NixOS",
        "ref": "nixpkgs-unstable",
        "repo": "nixpkgs",
        "type": "github"
      }
    },
    "root": {
      "inputs": {
        "flake-parts": "flake-parts",
        "nixpkgs": "nixpkgs",
        "theme": "theme"
      }
    },
    "theme": {
      "flake": false,
      "locked": {
        "lastModified": 1715040475,
        "narHash": "sha256-xTD0E7dACLvTjZD0r+n2Ax5Z/yZ8bowZuGjYQb/X8r4=",
        "owner": "luizdepra",
        "repo": "hugo-coder",
        "rev": "f850eb85badf5542c0b38e0fe6c8817454498c2c",
        "type": "github"
      },
      "original": {
        "owner": "luizdepra",
        "repo": "hugo-coder",
        "type": "github"
      }
    }
  },
  "root": "root",
  "version": 7
}
